
Microsoft Visual Studio Solution File, Format Version 12.00
# Visual Studio 2012
Project("{FAE04EC0-301F-11D3-BF4B-00C04F79EFBC}") = "sdi3-10.Cli-SOAP-CSharp", "sdi3-10.Cli-SOAP-CSharp\sdi3-10.Cli-SOAP-CSharp.csproj", "{8FD96857-DC39-4C1C-872F-4206B07A239C}"
EndProject
Global
	GlobalSection(SolutionConfigurationPlatforms) = preSolution
		Debug|Any CPU = Debug|Any CPU
		Release|Any CPU = Release|Any CPU
	EndGlobalSection
	GlobalSection(ProjectConfigurationPlatforms) = postSolution
		{8FD96857-DC39-4C1C-872F-4206B07A239C}.Debug|Any CPU.ActiveCfg = Debug|Any CPU
		{8FD96857-DC39-4C1C-872F-4206B07A239C}.Debug|Any CPU.Build.0 = Debug|Any CPU
		{8FD96857-DC39-4C1C-872F-4206B07A239C}.Release|Any CPU.ActiveCfg = Release|Any CPU
		{8FD96857-DC39-4C1C-872F-4206B07A239C}.Release|Any CPU.Build.0 = Release|Any CPU
	EndGlobalSection
	GlobalSection(SolutionProperties) = preSolution
		HideSolutionNode = FALSE
	EndGlobalSection
EndGlobal
